
Microsoft Visual Studio Solution File, Format Version 12.00
# Visual Studio Version 17
VisualStudioVersion = 17.5.33530.505
MinimumVisualStudioVersion = 10.0.40219.1
Project("{FAE04EC0-301F-11D3-BF4B-00C04F79EFBC}") = "SignaMath", "SignaMath\SignaMath.csproj", "{8645ABF3-FCA9-4899-94F9-AFE1947764B3}"
EndProject
Global
	GlobalSection(SolutionConfigurationPlatforms) = preSolution
		Debug|Any CPU = Debug|Any CPU
		Release|Any CPU = Release|Any CPU
	EndGlobalSection
	GlobalSection(ProjectConfigurationPlatforms) = postSolution
		{8645ABF3-FCA9-4899-94F9-AFE1947764B3}.Debug|Any CPU.ActiveCfg = Debug|Any CPU
		{8645ABF3-FCA9-4899-94F9-AFE1947764B3}.Debug|Any CPU.Build.0 = Debug|Any CPU
		{8645ABF3-FCA9-4899-94F9-AFE1947764B3}.Release|Any CPU.ActiveCfg = Release|Any CPU
		{8645ABF3-FCA9-4899-94F9-AFE1947764B3}.Release|Any CPU.Build.0 = Release|Any CPU
	EndGlobalSection
	GlobalSection(SolutionProperties) = preSolution
		HideSolutionNode = FALSE
	EndGlobalSection
	GlobalSection(ExtensibilityGlobals) = postSolution
		SolutionGuid = {C6F02189-C774-4E56-9F28-5F2E26B2841E}
	EndGlobalSection
EndGlobal
